{
  "name": "unblock",
  "lockfileVersion": 2,
  "requires": true,
  "packages": {
    "": {
      "dependencies": {
        "@amplitude/analytics-browser": "^1.7.1"
      }
    },
    "node_modules/@amplitude/analytics-browser": {
      "version": "1.7.1",
      "resolved": "https://registry.npmjs.org/@amplitude/analytics-browser/-/analytics-browser-1.7.1.tgz",
      "integrity": "sha512-tk80A6g8Ct2WYK4juaMysPtmSV2qNUgs9gq8/Ig8Fp6mjqgpIkaUIWDNB8urL6snoBwJLC+X5GJ1xtvNHpwiKg==",
      "dependencies": {
        "@amplitude/analytics-client-common": "^0.5.3",
        "@amplitude/analytics-core": "^0.11.3",
        "@amplitude/analytics-types": "^0.15.0",
        "@amplitude/ua-parser-js": "^0.7.31",
        "tslib": "^2.4.1"
      }
    },
    "node_modules/@amplitude/analytics-client-common": {
      "version": "0.5.3",
      "resolved": "https://registry.npmjs.org/@amplitude/analytics-client-common/-/analytics-client-common-0.5.3.tgz",
      "integrity": "sha512-Vxul5OLCtfMGqqFs3G4WmWvBORl83em8xjM/BfQImdnBlKi+Sqa772ezo8KY1ZBM9G7n+ypaMXYmK/oHQ9a3Bw==",
      "dependencies": {
        "@amplitude/analytics-connector": "^1.4.5",
        "@amplitude/analytics-core": "^0.11.3",
        "@amplitude/analytics-types": "^0.15.0",
        "tslib": "^2.4.1"
      }
    },
    "node_modules/@amplitude/analytics-connector": {
      "version": "1.4.6",
      "resolved": "https://registry.npmjs.org/@amplitude/analytics-connector/-/analytics-connector-1.4.6.tgz",
      "integrity": "sha512-6jD2pOosRD4y8DT8StUCz7yTd5ZDkdOU9/AWnlWKM5qk90Mz7sdZrdZ9H7sA/L3yOJEpQOYZgQplQdWWUzyWug==",
      "dependencies": {
        "@amplitude/ua-parser-js": "0.7.31"
      }
    },
    "node_modules/@amplitude/analytics-core": {
      "version": "0.11.3",
      "resolved": "https://registry.npmjs.org/@amplitude/analytics-core/-/analytics-core-0.11.3.tgz",
      "integrity": "sha512-GBFu8dwTdUd1ZwLgSDlALODc0OIOck8PoQakKqGct5onb7JfmA77KEGZxpVXPeWkzGJHMIH1vF/4W6hZSRMqIw==",
      "dependencies": {
        "@amplitude/analytics-types": "^0.15.0",
        "tslib": "^2.4.1"
      }
    },
    "node_modules/@amplitude/analytics-types": {
      "version": "0.15.0",
      "resolved": "https://registry.npmjs.org/@amplitude/analytics-types/-/analytics-types-0.15.0.tgz",
      "integrity": "sha512-iXGee157O38qFWIJVvA6giqBCJ7jpxSfStPBJRXWp4oKAemG2OYqE09RgLmveixYUici5yjrCaj0pgKnbSmn1A=="
    },
    "node_modules/@amplitude/ua-parser-js": {
      "version": "0.7.31",
      "resolved": "https://registry.npmjs.org/@amplitude/ua-parser-js/-/ua-parser-js-0.7.31.tgz",
      "integrity": "sha512-+z8UGRaj13Pt5NDzOnkTBy49HE2CX64jeL0ArB86HAtilpnfkPB7oqkigN7Lf2LxscMg4QhFD7mmCfedh3rqTg==",
      "funding": [
        {
          "type": "opencollective",
          "url": "https://opencollective.com/ua-parser-js"
        },
        {
          "type": "paypal",
          "url": "https://paypal.me/faisalman"
        }
      ],
      "engines": {
        "node": "*"
      }
    },
    "node_modules/tslib": {
      "version": "2.5.0",
      "resolved": "https://registry.npmjs.org/tslib/-/tslib-2.5.0.tgz",
      "integrity": "sha512-336iVw3rtn2BUK7ORdIAHTyxHGRIHVReokCR3XjbckJMK7ms8FysBfhLR8IXnAgy7T0PTPNBWKiH514FOW/WSg=="
    }
  },
  "dependencies": {
    "@amplitude/analytics-browser": {
      "version": "1.7.1",
      "resolved": "https://registry.npmjs.org/@amplitude/analytics-browser/-/analytics-browser-1.7.1.tgz",
      "integrity": "sha512-tk80A6g8Ct2WYK4juaMysPtmSV2qNUgs9gq8/Ig8Fp6mjqgpIkaUIWDNB8urL6snoBwJLC+X5GJ1xtvNHpwiKg==",
      "requires": {
        "@amplitude/analytics-client-common": "^0.5.3",
        "@amplitude/analytics-core": "^0.11.3",
        "@amplitude/analytics-types": "^0.15.0",
        "@amplitude/ua-parser-js": "^0.7.31",
        "tslib": "^2.4.1"
      }
    },
    "@amplitude/analytics-client-common": {
      "version": "0.5.3",
      "resolved": "https://registry.npmjs.org/@amplitude/analytics-client-common/-/analytics-client-common-0.5.3.tgz",
      "integrity": "sha512-Vxul5OLCtfMGqqFs3G4WmWvBORl83em8xjM/BfQImdnBlKi+Sqa772ezo8KY1ZBM9G7n+ypaMXYmK/oHQ9a3Bw==",
      "requires": {
        "@amplitude/analytics-connector": "^1.4.5",
        "@amplitude/analytics-core": "^0.11.3",
        "@amplitude/analytics-types": "^0.15.0",
        "tslib": "^2.4.1"
      }
    },
    "@amplitude/analytics-connector": {
      "version": "1.4.6",
      "resolved": "https://registry.npmjs.org/@amplitude/analytics-connector/-/analytics-connector-1.4.6.tgz",
      "integrity": "sha512-6jD2pOosRD4y8DT8StUCz7yTd5ZDkdOU9/AWnlWKM5qk90Mz7sdZrdZ9H7sA/L3yOJEpQOYZgQplQdWWUzyWug==",
      "requires": {
        "@amplitude/ua-parser-js": "0.7.31"
      }
    },
    "@amplitude/analytics-core": {
      "version": "0.11.3",
      "resolved": "https://registry.npmjs.org/@amplitude/analytics-core/-/analytics-core-0.11.3.tgz",
      "integrity": "sha512-GBFu8dwTdUd1ZwLgSDlALODc0OIOck8PoQakKqGct5onb7JfmA77KEGZxpVXPeWkzGJHMIH1vF/4W6hZSRMqIw==",
      "requires": {
        "@amplitude/analytics-types": "^0.15.0",
        "tslib": "^2.4.1"
      }
    },
    "@amplitude/analytics-types": {
      "version": "0.15.0",
      "resolved": "https://registry.npmjs.org/@amplitude/analytics-types/-/analytics-types-0.15.0.tgz",
      "integrity": "sha512-iXGee157O38qFWIJVvA6giqBCJ7jpxSfStPBJRXWp4oKAemG2OYqE09RgLmveixYUici5yjrCaj0pgKnbSmn1A=="
    },
    "@amplitude/ua-parser-js": {
      "version": "0.7.31",
      "resolved": "https://registry.npmjs.org/@amplitude/ua-parser-js/-/ua-parser-js-0.7.31.tgz",
      "integrity": "sha512-+z8UGRaj13Pt5NDzOnkTBy49HE2CX64jeL0ArB86HAtilpnfkPB7oqkigN7Lf2LxscMg4QhFD7mmCfedh3rqTg=="
    },
    "tslib": {
      "version": "2.5.0",
      "resolved": "https://registry.npmjs.org/tslib/-/tslib-2.5.0.tgz",
      "integrity": "sha512-336iVw3rtn2BUK7ORdIAHTyxHGRIHVReokCR3XjbckJMK7ms8FysBfhLR8IXnAgy7T0PTPNBWKiH514FOW/WSg=="
    }
  }
}
